
Microsoft Visual Studio Solution File, Format Version 12.00
# Visual Studio Version 16
VisualStudioVersion = 16.0.30002.166
MinimumVisualStudioVersion = 10.0.40219.1
Project("{9A19103F-16F7-4668-BE54-9A1E7A4F7556}") = "Omniture.Db.Abstractions", "src\Shared\Abstractions\Omniture.Db.Abstractions.csproj", "{A11C7176-398E-4DE8-A575-4D210F13FAB4}"
EndProject
Project("{9A19103F-16F7-4668-BE54-9A1E7A4F7556}") = "OmnitureAPI", "src\OmnitureAPI\OmnitureAPI.csproj", "{260C4897-AFA1-4438-B504-E88C5806E157}"
EndProject
Project("{2150E333-8FDC-42A3-9474-1A3956D46DE8}") = "Source", "Source", "{33AC3500-300F-45FB-BFF5-3EBCEA6E48D6}"
EndProject
Project("{2150E333-8FDC-42A3-9474-1A3956D46DE8}") = "Shared", "Shared", "{9DC7CD03-8FDF-461B-9BC6-B0096121E8B4}"
EndProject
Project("{2150E333-8FDC-42A3-9474-1A3956D46DE8}") = "Infrastructure", "Infrastructure", "{7E15E6E5-D39E-40F0-8F67-8A64A7C22C80}"
EndProject
Project("{9A19103F-16F7-4668-BE54-9A1E7A4F7556}") = "Omniture.DependecyResolver", "src\Infrastructure\Omniture.Core.Extension\Omniture.DependecyResolver.csproj", "{A30291DF-EB58-4B7A-AD53-8905754AD9EF}"
EndProject
Project("{9A19103F-16F7-4668-BE54-9A1E7A4F7556}") = "Omniture.Core", "src\Infrastructure\Omniture.Core\Omniture.Core.csproj", "{846033B6-FBA2-4CC9-9C30-13BBF886CB78}"
EndProject
Project("{9A19103F-16F7-4668-BE54-9A1E7A4F7556}") = "Omniture.Accont.Data", "src\Infrastructure\Account\Omniture.Data\Omniture.Accont.Data.csproj", "{32C8B84F-AC7E-4591-8300-59AC3A174E91}"
EndProject
Project("{2150E333-8FDC-42A3-9474-1A3956D46DE8}") = "Db", "Db", "{50E6F4FC-5656-4DCE-B2F3-39C24C884DDE}"
EndProject
Project("{9A19103F-16F7-4668-BE54-9A1E7A4F7556}") = "Omniture.Db", "src\Infrastructure\Db\Omniture.Db\Omniture.Db.csproj", "{4C9F8BCA-A982-4D1D-87CE-A1E6FF416538}"
EndProject
Project("{9A19103F-16F7-4668-BE54-9A1E7A4F7556}") = "Omniture.Db.Entity", "src\Infrastructure\Db\Omniture.Db.Entity\Omniture.Db.Entity.csproj", "{57C0B8CA-7E63-4E34-8467-A9440D2DD0DD}"
EndProject
Project("{9A19103F-16F7-4668-BE54-9A1E7A4F7556}") = "Omniture.Shared", "src\Shared\Common\Omniture.Shared.csproj", "{FDCC705F-1E42-4164-9182-19983E8C2984}"
EndProject
Project("{9A19103F-16F7-4668-BE54-9A1E7A4F7556}") = "Omniture.Account.Services", "src\Infrastructure\Account\Omniture.Services\Omniture.Account.Services.csproj", "{898D4AC4-C15C-4BA5-949E-233372996203}"
EndProject
Project("{2150E333-8FDC-42A3-9474-1A3956D46DE8}") = "tests", "tests", "{8F406220-34B2-4CCA-86B6-7105B885638D}"
EndProject
Project("{9A19103F-16F7-4668-BE54-9A1E7A4F7556}") = "Omniture.UnitTest", "src\tests\Omniture.UnitTest\Omniture.UnitTest.csproj", "{CE7D5658-E7F6-4BB1-9728-FA4DCDD629ED}"
EndProject
Project("{9A19103F-16F7-4668-BE54-9A1E7A4F7556}") = "Omniture.IntegrationTest", "src\tests\Omniture.IntegrationTest\Omniture.IntegrationTest.csproj", "{E39DCBA5-6DE6-4216-84F5-D6BAA7EA360A}"
EndProject
Project("{2150E333-8FDC-42A3-9474-1A3956D46DE8}") = "Account", "Account", "{71874E6E-F8AD-430A-9388-E12B96F90FE9}"
EndProject
Project("{2150E333-8FDC-42A3-9474-1A3956D46DE8}") = "Utilities", "Utilities", "{7A9E5E4A-08C9-48F8-B78D-4AF683D1ED8A}"
EndProject
Project("{9A19103F-16F7-4668-BE54-9A1E7A4F7556}") = "MastersService", "src\Infrastructure\Utilities\MastersService\MastersService.csproj", "{949A7C77-498F-4AF9-B9EA-83BFC66108D9}"
EndProject
Project("{9A19103F-16F7-4668-BE54-9A1E7A4F7556}") = "Omniture.Db.Shared", "src\Infrastructure\Db\Omniture.Db.Shared\Omniture.Db.Shared.csproj", "{2D0274D1-2436-4901-B9D7-837CC0E305D8}"
EndProject
Project("{9A19103F-16F7-4668-BE54-9A1E7A4F7556}") = "NotificationService", "src\Infrastructure\Utilities\NotificationService\NotificationService.csproj", "{D6B33F2B-FD40-4125-A308-074D2E14D3AD}"
EndProject
Global
	GlobalSection(SolutionConfigurationPlatforms) = preSolution
		Debug|Any CPU = Debug|Any CPU
		Release|Any CPU = Release|Any CPU
	EndGlobalSection
	GlobalSection(ProjectConfigurationPlatforms) = postSolution
		{A11C7176-398E-4DE8-A575-4D210F13FAB4}.Debug|Any CPU.ActiveCfg = Debug|Any CPU
		{A11C7176-398E-4DE8-A575-4D210F13FAB4}.Debug|Any CPU.Build.0 = Debug|Any CPU
		{A11C7176-398E-4DE8-A575-4D210F13FAB4}.Release|Any CPU.ActiveCfg = Release|Any CPU
		{A11C7176-398E-4DE8-A575-4D210F13FAB4}.Release|Any CPU.Build.0 = Release|Any CPU
		{260C4897-AFA1-4438-B504-E88C5806E157}.Debug|Any CPU.ActiveCfg = Debug|Any CPU
		{260C4897-AFA1-4438-B504-E88C5806E157}.Debug|Any CPU.Build.0 = Debug|Any CPU
		{260C4897-AFA1-4438-B504-E88C5806E157}.Release|Any CPU.ActiveCfg = Release|Any CPU
		{260C4897-AFA1-4438-B504-E88C5806E157}.Release|Any CPU.Build.0 = Release|Any CPU
		{A30291DF-EB58-4B7A-AD53-8905754AD9EF}.Debug|Any CPU.ActiveCfg = Debug|Any CPU
		{A30291DF-EB58-4B7A-AD53-8905754AD9EF}.Debug|Any CPU.Build.0 = Debug|Any CPU
		{A30291DF-EB58-4B7A-AD53-8905754AD9EF}.Release|Any CPU.ActiveCfg = Release|Any CPU
		{A30291DF-EB58-4B7A-AD53-8905754AD9EF}.Release|Any CPU.Build.0 = Release|Any CPU
		{846033B6-FBA2-4CC9-9C30-13BBF886CB78}.Debug|Any CPU.ActiveCfg = Debug|Any CPU
		{846033B6-FBA2-4CC9-9C30-13BBF886CB78}.Debug|Any CPU.Build.0 = Debug|Any CPU
		{846033B6-FBA2-4CC9-9C30-13BBF886CB78}.Release|Any CPU.ActiveCfg = Release|Any CPU
		{846033B6-FBA2-4CC9-9C30-13BBF886CB78}.Release|Any CPU.Build.0 = Release|Any CPU
		{32C8B84F-AC7E-4591-8300-59AC3A174E91}.Debug|Any CPU.ActiveCfg = Debug|Any CPU
		{32C8B84F-AC7E-4591-8300-59AC3A174E91}.Debug|Any CPU.Build.0 = Debug|Any CPU
		{32C8B84F-AC7E-4591-8300-59AC3A174E91}.Release|Any CPU.ActiveCfg = Release|Any CPU
		{32C8B84F-AC7E-4591-8300-59AC3A174E91}.Release|Any CPU.Build.0 = Release|Any CPU
		{4C9F8BCA-A982-4D1D-87CE-A1E6FF416538}.Debug|Any CPU.ActiveCfg = Debug|Any CPU
		{4C9F8BCA-A982-4D1D-87CE-A1E6FF416538}.Debug|Any CPU.Build.0 = Debug|Any CPU
		{4C9F8BCA-A982-4D1D-87CE-A1E6FF416538}.Release|Any CPU.ActiveCfg = Release|Any CPU
		{4C9F8BCA-A982-4D1D-87CE-A1E6FF416538}.Release|Any CPU.Build.0 = Release|Any CPU
		{57C0B8CA-7E63-4E34-8467-A9440D2DD0DD}.Debug|Any CPU.ActiveCfg = Debug|Any CPU
		{57C0B8CA-7E63-4E34-8467-A9440D2DD0DD}.Debug|Any CPU.Build.0 = Debug|Any CPU
		{57C0B8CA-7E63-4E34-8467-A9440D2DD0DD}.Release|Any CPU.ActiveCfg = Release|Any CPU
		{57C0B8CA-7E63-4E34-8467-A9440D2DD0DD}.Release|Any CPU.Build.0 = Release|Any CPU
		{FDCC705F-1E42-4164-9182-19983E8C2984}.Debug|Any CPU.ActiveCfg = Debug|Any CPU
		{FDCC705F-1E42-4164-9182-19983E8C2984}.Debug|Any CPU.Build.0 = Debug|Any CPU
		{FDCC705F-1E42-4164-9182-19983E8C2984}.Release|Any CPU.ActiveCfg = Release|Any CPU
		{FDCC705F-1E42-4164-9182-19983E8C2984}.Release|Any CPU.Build.0 = Release|Any CPU
		{898D4AC4-C15C-4BA5-949E-233372996203}.Debug|Any CPU.ActiveCfg = Debug|Any CPU
		{898D4AC4-C15C-4BA5-949E-233372996203}.Debug|Any CPU.Build.0 = Debug|Any CPU
		{898D4AC4-C15C-4BA5-949E-233372996203}.Release|Any CPU.ActiveCfg = Release|Any CPU
		{898D4AC4-C15C-4BA5-949E-233372996203}.Release|Any CPU.Build.0 = Release|Any CPU
		{CE7D5658-E7F6-4BB1-9728-FA4DCDD629ED}.Debug|Any CPU.ActiveCfg = Debug|Any CPU
		{CE7D5658-E7F6-4BB1-9728-FA4DCDD629ED}.Debug|Any CPU.Build.0 = Debug|Any CPU
		{CE7D5658-E7F6-4BB1-9728-FA4DCDD629ED}.Release|Any CPU.ActiveCfg = Release|Any CPU
		{CE7D5658-E7F6-4BB1-9728-FA4DCDD629ED}.Release|Any CPU.Build.0 = Release|Any CPU
		{E39DCBA5-6DE6-4216-84F5-D6BAA7EA360A}.Debug|Any CPU.ActiveCfg = Debug|Any CPU
		{E39DCBA5-6DE6-4216-84F5-D6BAA7EA360A}.Debug|Any CPU.Build.0 = Debug|Any CPU
		{E39DCBA5-6DE6-4216-84F5-D6BAA7EA360A}.Release|Any CPU.ActiveCfg = Release|Any CPU
		{E39DCBA5-6DE6-4216-84F5-D6BAA7EA360A}.Release|Any CPU.Build.0 = Release|Any CPU
		{949A7C77-498F-4AF9-B9EA-83BFC66108D9}.Debug|Any CPU.ActiveCfg = Debug|Any CPU
		{949A7C77-498F-4AF9-B9EA-83BFC66108D9}.Debug|Any CPU.Build.0 = Debug|Any CPU
		{949A7C77-498F-4AF9-B9EA-83BFC66108D9}.Release|Any CPU.ActiveCfg = Release|Any CPU
		{949A7C77-498F-4AF9-B9EA-83BFC66108D9}.Release|Any CPU.Build.0 = Release|Any CPU
		{2D0274D1-2436-4901-B9D7-837CC0E305D8}.Debug|Any CPU.ActiveCfg = Debug|Any CPU
		{2D0274D1-2436-4901-B9D7-837CC0E305D8}.Debug|Any CPU.Build.0 = Debug|Any CPU
		{2D0274D1-2436-4901-B9D7-837CC0E305D8}.Release|Any CPU.ActiveCfg = Release|Any CPU
		{2D0274D1-2436-4901-B9D7-837CC0E305D8}.Release|Any CPU.Build.0 = Release|Any CPU
		{D6B33F2B-FD40-4125-A308-074D2E14D3AD}.Debug|Any CPU.ActiveCfg = Debug|Any CPU
		{D6B33F2B-FD40-4125-A308-074D2E14D3AD}.Debug|Any CPU.Build.0 = Debug|Any CPU
		{D6B33F2B-FD40-4125-A308-074D2E14D3AD}.Release|Any CPU.ActiveCfg = Release|Any CPU
		{D6B33F2B-FD40-4125-A308-074D2E14D3AD}.Release|Any CPU.Build.0 = Release|Any CPU
	EndGlobalSection
	GlobalSection(SolutionProperties) = preSolution
		HideSolutionNode = FALSE
	EndGlobalSection
	GlobalSection(NestedProjects) = preSolution
		{A11C7176-398E-4DE8-A575-4D210F13FAB4} = {9DC7CD03-8FDF-461B-9BC6-B0096121E8B4}
		{260C4897-AFA1-4438-B504-E88C5806E157} = {33AC3500-300F-45FB-BFF5-3EBCEA6E48D6}
		{9DC7CD03-8FDF-461B-9BC6-B0096121E8B4} = {33AC3500-300F-45FB-BFF5-3EBCEA6E48D6}
		{7E15E6E5-D39E-40F0-8F67-8A64A7C22C80} = {33AC3500-300F-45FB-BFF5-3EBCEA6E48D6}
		{A30291DF-EB58-4B7A-AD53-8905754AD9EF} = {7E15E6E5-D39E-40F0-8F67-8A64A7C22C80}
		{846033B6-FBA2-4CC9-9C30-13BBF886CB78} = {7E15E6E5-D39E-40F0-8F67-8A64A7C22C80}
		{32C8B84F-AC7E-4591-8300-59AC3A174E91} = {71874E6E-F8AD-430A-9388-E12B96F90FE9}
		{50E6F4FC-5656-4DCE-B2F3-39C24C884DDE} = {7E15E6E5-D39E-40F0-8F67-8A64A7C22C80}
		{4C9F8BCA-A982-4D1D-87CE-A1E6FF416538} = {50E6F4FC-5656-4DCE-B2F3-39C24C884DDE}
		{57C0B8CA-7E63-4E34-8467-A9440D2DD0DD} = {50E6F4FC-5656-4DCE-B2F3-39C24C884DDE}
		{FDCC705F-1E42-4164-9182-19983E8C2984} = {9DC7CD03-8FDF-461B-9BC6-B0096121E8B4}
		{898D4AC4-C15C-4BA5-949E-233372996203} = {71874E6E-F8AD-430A-9388-E12B96F90FE9}
		{8F406220-34B2-4CCA-86B6-7105B885638D} = {33AC3500-300F-45FB-BFF5-3EBCEA6E48D6}
		{CE7D5658-E7F6-4BB1-9728-FA4DCDD629ED} = {8F406220-34B2-4CCA-86B6-7105B885638D}
		{E39DCBA5-6DE6-4216-84F5-D6BAA7EA360A} = {8F406220-34B2-4CCA-86B6-7105B885638D}
		{71874E6E-F8AD-430A-9388-E12B96F90FE9} = {7E15E6E5-D39E-40F0-8F67-8A64A7C22C80}
		{7A9E5E4A-08C9-48F8-B78D-4AF683D1ED8A} = {7E15E6E5-D39E-40F0-8F67-8A64A7C22C80}
		{949A7C77-498F-4AF9-B9EA-83BFC66108D9} = {7A9E5E4A-08C9-48F8-B78D-4AF683D1ED8A}
		{2D0274D1-2436-4901-B9D7-837CC0E305D8} = {50E6F4FC-5656-4DCE-B2F3-39C24C884DDE}
		{D6B33F2B-FD40-4125-A308-074D2E14D3AD} = {7A9E5E4A-08C9-48F8-B78D-4AF683D1ED8A}
	EndGlobalSection
	GlobalSection(ExtensibilityGlobals) = postSolution
		SolutionGuid = {FEF471D0-9F22-473D-92E8-6081655EF2E7}
	EndGlobalSection
	GlobalSection(SubversionScc) = preSolution
		Svn-Managed = True
		Manager = AnkhSVN - Subversion Support for Visual Studio
	EndGlobalSection
EndGlobal
